version = 1

[[packages]]
name = "luato"
version = "0.1.0"
source = "git+https://github.com/litocpp/luato.git#bd4848b3d6dc2cc57928e4405c3593b67322d6f8"
dependencies = [
  "luato-lua",
  "rstd-parse",
  "rstd-std",
]

[[packages]]
name = "luato-lua"
version = "5.5.1"

[[packages.externals]]
name = "lua"
source = "archive+https://www.lua.org/ftp/lua-5.5.1.tar.gz"
checksum = "1c4b4068d67061f2a2231ad2b5422e77acea1487ea9890f6320af614f4373dce"

[[packages]]
name = "ncrequest"
version = "0.1.0"
source = "git+https://github.com/hypengw/ncrequest.git#cdaca8b5c523906fc0c9ed58cd5f2c7981b5a255"
dependencies = [
  "rstd-cppstd",
  "rstd-std",
]

[[packages]]
name = "qextra"
version = "0.1.0"
source = "git+https://github.com/hypengw/QExtra.git#68f752fd38e3d7a923bf36d621f4a94be7b26fd8"
dependencies = [
  "ncrequest",
  "rstd-cppstd",
  "rstd-std",
]

[[packages]]
name = "rstd-alloc"
version = "0.1.4"
source = "registry+https://registry.litocpp.org/"
checksum = "114acb01627b44d604430cb8a8aba1b04b5daaa8074bf41de4d2530eb21856b2"
dependencies = [
  "rstd-core",
  "rstd-runtime",
]

[[packages]]
name = "rstd-argparse"
version = "0.1.4"
source = "registry+https://registry.litocpp.org/"
checksum = "3a35df9991e6954a76829bfb31b34364b21548a605b0ff3d6f73f65065142e65"
dependencies = [
  "rstd-std",
]

[[packages]]
name = "rstd-basic"
version = "0.1.4"
source = "registry+https://registry.litocpp.org/"
checksum = "26bc1efc0eb5deef28becdce563fa8e7b79dce27f2f6926ffbf388c849e33a7c"

[[packages]]
name = "rstd-core"
version = "0.1.4"
source = "registry+https://registry.litocpp.org/"
checksum = "ef43028851307160347c2bc16d5b0ab98091de01ae1f0e928bae61682d6b96ed"
dependencies = [
  "rstd-basic",
  "rstd-runtime",
]

[[packages]]
name = "rstd-cppstd"
version = "0.1.4"
source = "registry+https://registry.litocpp.org/"
checksum = "29cd23f00a5f5237e4fbab459829b83a687aefba0fdb715dda9d6a84833ffb44"
dependencies = [
  "rstd-std",
]

[[packages]]
name = "rstd-dlopn"
version = "0.1.4"
source = "registry+https://registry.litocpp.org/"
checksum = "01afb7023f222ec65b489ed6a79b9da8f2137a08e78f719f64d465f3306d820d"
dependencies = [
  "rstd-std",
]

[[packages]]
name = "rstd-json"
version = "0.1.4"
source = "registry+https://registry.litocpp.org/"
checksum = "891d03ba9aabf32b66a4b575d306a23d3905c7a80810263a4ae8057e1abb75e7"
dependencies = [
  "rstd-core",
  "rstd-parse",
  "rstd-serde",
  "rstd-std",
]

[[packages]]
name = "rstd-log"
version = "0.1.4"
source = "registry+https://registry.litocpp.org/"
checksum = "4e12e8b2aadd0bbd2a12d616103029259694842706952fe76d9b6d057599d848"
dependencies = [
  "rstd-core",
  "rstd-std",
]

[[packages]]
name = "rstd-parse"
version = "0.1.4"
source = "registry+https://registry.litocpp.org/"
checksum = "62d103033c25eb635d1421bd1f4564bc6b43d0dac04a29982b9fdc511b37bced"
dependencies = [
  "rstd-alloc",
  "rstd-core",
]

[[packages]]
name = "rstd-runtime"
version = "0.1.4"
source = "registry+https://registry.litocpp.org/"
checksum = "3140179d2945eb1c5d1ac198a16f5d9035d734a4d9d036f22e1528e1ef711566"
dependencies = [
  "rstd-basic",
]

[[packages]]
name = "rstd-serde"
version = "0.1.4"
source = "registry+https://registry.litocpp.org/"
checksum = "1c1d5f5c99a1b07e0f4095bfb1319c25b65992a7f3eb99dd601c94ada57e0afe"
dependencies = [
  "rstd-alloc",
]

[[packages]]
name = "rstd-std"
version = "0.1.4"
source = "registry+https://registry.litocpp.org/"
checksum = "80d839e5fd530fb2d0bb5ff117f9c9c0f85a6df34fcf5499bd0894a22fd79293"
dependencies = [
  "rstd-alloc",
  "rstd-core",
]

[[packages]]
name = "rstd-test"
version = "0.1.4"
source = "registry+https://registry.litocpp.org/"
checksum = "4432d0e0de3a2b00b612a69077a8d338c313a2cda55aa9943e320b4901a32bd0"
dependencies = [
  "rstd-std",
]

[[packages]]
name = "rstd-toml"
version = "0.1.4"
source = "registry+https://registry.litocpp.org/"
checksum = "82128c3ea754e975ef455412a9160c2862fbfa9e85ab10e183870403fb8fc31e"
dependencies = [
  "rstd-alloc",
  "rstd-core",
  "rstd-parse",
  "rstd-serde",
]

[[packages]]
name = "vvk"
version = "0.1.0"
source = "git+https://github.com/litocpp/vvk.git#2761d59430d57945ac40f77c91eea445ab074fb3"
dependencies = [
  "rstd-dlopn",
  "rstd-log",
  "rstd-std",
  "rstd-test",
]

[[packages]]
name = "wavsen"
version = "0.1.0"
source = "git+https://github.com/hypengw/wavsen.git#e9c4983bb8851eed0823e25ad277a7bb7f6250ac"
dependencies = [
  "rstd-core",
  "rstd-cppstd",
  "rstd-dlopn",
  "rstd-log",
  "rstd-std",
  "vvk",
]

[[packages]]
name = "waywallen-bridge"
version = "0.4.1"

[[packages]]
name = "waywallen-i18n"
version = "0.4.1"
dependencies = [
  "luato",
  "rstd-argparse",
  "rstd-std",
  "rstd-toml",
  "waywallen-plugin-i18n",
]

[[packages]]
name = "waywallen-image-plugin"
version = "0.4.1"
dependencies = [
  "rstd-argparse",
  "rstd-cppstd",
  "rstd-json",
  "rstd-log",
  "wavsen",
  "waywallen-plugin-common",
]
runtime-dependencies = [
  "waywallen-bridge",
]

[[packages]]
name = "waywallen-plugin-common"
version = "0.4.1"
dependencies = [
  "rstd-cppstd",
  "rstd-log",
  "vvk",
  "waywallen-bridge",
]

[[packages]]
name = "waywallen-plugin-i18n"
version = "0.4.1"
dependencies = [
  "rstd-std",
]

[[packages]]
name = "waywallen-ui"
version = "0.4.1"
dependencies = [
  "ncrequest",
  "qextra",
  "rstd-cppstd",
  "rstd-std",
  "wavsen",
  "waywallen-plugin-i18n",
]

[[packages.externals]]
name = "qml-material"
source = "git+https://github.com/hypengw/QmlMaterial.git#949e701bc994c8075f57048a0205be3d2fe38603"

[[packages]]
name = "waywallen-video-plugin"
version = "0.4.1"
dependencies = [
  "rstd-argparse",
  "rstd-cppstd",
  "rstd-json",
  "rstd-log",
  "wavsen",
  "waywallen-plugin-common",
]
runtime-dependencies = [
  "waywallen-bridge",
]

[[packages]]
name = "waywallen-wallhaven-plugin"
version = "0.4.1"
