version = 1

[[packages]]
name = "lihttpto"
version = "0.1.0"
source = "registry+https://registry.litocpp.org/"
checksum = "31cfc6f38a5db7b57dcca7624730c69a9a7d9e3605a78d7bc20003600d14c6a8"
dependencies = [
  "rstd-parse",
  "rstd-std",
]

[[packages]]
name = "luato"
version = "0.1.0"
source = "git+https://github.com/litocpp/luato.git#df0c6f2d1cce2051b4711d36067619eda7933683"
dependencies = [
  "luato-lua",
  "rstd-parse",
  "rstd-std",
]

[[packages]]
name = "luato-lua"
version = "5.5.1"

[[packages.externals]]
name = "lua"
source = "archive+https://www.lua.org/ftp/lua-5.5.1.tar.gz"
checksum = "1c4b4068d67061f2a2231ad2b5422e77acea1487ea9890f6320af614f4373dce"

[[packages]]
name = "ncrequest"
version = "0.1.0"
source = "git+https://github.com/hypengw/ncrequest.git#40d40224842a080039d2a76710fbedb20ee002ac"
dependencies = [
  "lihttpto",
  "rstd-std",
]

[[packages]]
name = "qextra"
version = "0.1.0"
source = "git+https://github.com/hypengw/QExtra.git#89b6478a1e318dccfb81bda9dac4245130c24211"
dependencies = [
  "ncrequest",
  "rstd-cppstd",
  "rstd-std",
  "wavsen",
]

[[packages]]
name = "rstd-alloc"
version = "0.1.6"
source = "registry+https://registry.litocpp.org/"
checksum = "bbd6059bf71c39604decf82137817efe84cca77f93482bb5c891d95c7a6187ed"
dependencies = [
  "rstd-core",
  "rstd-runtime",
]

[[packages]]
name = "rstd-argparse"
version = "0.1.6"
source = "registry+https://registry.litocpp.org/"
checksum = "98e69a97e1b30daff88ef1ad50b8d20ac483413d57d554847f0ab1466fac011b"
dependencies = [
  "rstd-std",
]

[[packages]]
name = "rstd-basic"
version = "0.1.6"
source = "registry+https://registry.litocpp.org/"
checksum = "f671be0124c4d64673a554cfafbd6b7f0cb0bc8b8ed523bb7db275eac20401fa"

[[packages]]
name = "rstd-core"
version = "0.1.6"
source = "registry+https://registry.litocpp.org/"
checksum = "67b0182e29db606e05e5f5f23dd6b0eb42d9c0b60e8bb03f7286707cc530dc0a"
dependencies = [
  "rstd-basic",
  "rstd-runtime",
]

[[packages]]
name = "rstd-cppstd"
version = "0.1.6"
source = "registry+https://registry.litocpp.org/"
checksum = "adc2b5131e3f59c10828de285d8a8e7389050d7d663942071dc05c65b9fef8e8"
dependencies = [
  "rstd-std",
]

[[packages]]
name = "rstd-dlopn"
version = "0.1.6"
source = "registry+https://registry.litocpp.org/"
checksum = "bff4901ffa92b31ef5d3887a4efbe5e3c7aa4a42e6454a738bb68b92affd0614"
dependencies = [
  "rstd-std",
]

[[packages]]
name = "rstd-json"
version = "0.1.6"
source = "registry+https://registry.litocpp.org/"
checksum = "e3a2494507b33c5ea1f3890f8a08e29b5339413f9110dc1941a99e21510dd8d0"
dependencies = [
  "rstd-core",
  "rstd-parse",
  "rstd-serde",
  "rstd-std",
]

[[packages]]
name = "rstd-log"
version = "0.1.6"
source = "registry+https://registry.litocpp.org/"
checksum = "f24d84aeaafb109e9392ef8d882bb3f7dbd2eeaf58b28e5a186998f16e4bacbc"
dependencies = [
  "rstd-core",
  "rstd-std",
]

[[packages]]
name = "rstd-parse"
version = "0.1.6"
source = "registry+https://registry.litocpp.org/"
checksum = "5eb32f275d66d8b48939ab7388e50e246fee1a003dd7fda0d1045a356bf0d2a3"
dependencies = [
  "rstd-alloc",
  "rstd-core",
]

[[packages]]
name = "rstd-runtime"
version = "0.1.6"
source = "registry+https://registry.litocpp.org/"
checksum = "726535f1bd76e1c48c7dc2a628ca05ad083f3597ae73c15be3e9b0d4f07632f7"
dependencies = [
  "rstd-basic",
]

[[packages]]
name = "rstd-serde"
version = "0.1.6"
source = "registry+https://registry.litocpp.org/"
checksum = "ca871e7ac5d122c17ca05d50dcee7ca9270bf28eb2b3dae48ae8e559a489a2e7"
dependencies = [
  "rstd-alloc",
]

[[packages]]
name = "rstd-std"
version = "0.1.6"
source = "registry+https://registry.litocpp.org/"
checksum = "3404e154935f002eef52c61a26a000e2c06ed80706804376382480c91615c5a7"
dependencies = [
  "rstd-alloc",
  "rstd-core",
]

[[packages]]
name = "rstd-toml"
version = "0.1.6"
source = "registry+https://registry.litocpp.org/"
checksum = "03f5311aa01052b24bfc2070a43397567d495ea601e71772e8ba185e938ed18f"
dependencies = [
  "rstd-alloc",
  "rstd-core",
  "rstd-parse",
  "rstd-serde",
]

[[packages]]
name = "vvk"
version = "0.1.0"
source = "registry+https://registry.litocpp.org/"
checksum = "9feeb7d057f3fa4da7ac2f05f5160fb51c9981aad58afda37da1644bef01b9b4"
dependencies = [
  "rstd-dlopn",
  "rstd-log",
  "rstd-std",
]

[[packages]]
name = "wavsen"
version = "0.1.0"
source = "git+https://github.com/hypengw/wavsen.git#bd8a72e0f68fabc42f3d123623787398ed28dbe4"
dependencies = [
  "rstd-core",
  "rstd-dlopn",
  "rstd-log",
  "rstd-std",
  "vvk",
]

[[packages]]
name = "waywallen-bridge"
version = "0.4.3"

[[packages]]
name = "waywallen-i18n"
version = "0.4.3"
dependencies = [
  "luato",
  "rstd-argparse",
  "rstd-std",
  "rstd-toml",
  "waywallen-plugin-i18n",
]

[[packages]]
name = "waywallen-image-plugin"
version = "0.4.3"
dependencies = [
  "rstd-argparse",
  "rstd-cppstd",
  "rstd-json",
  "rstd-log",
  "wavsen",
  "waywallen-plugin-common",
]
runtime-dependencies = [
  "waywallen-bridge",
]

[[packages]]
name = "waywallen-plugin-common"
version = "0.4.3"
dependencies = [
  "rstd-cppstd",
  "rstd-log",
  "vvk",
  "waywallen-bridge",
]

[[packages]]
name = "waywallen-plugin-i18n"
version = "0.4.3"
dependencies = [
  "rstd-std",
]

[[packages]]
name = "waywallen-ui"
version = "0.4.3"
dependencies = [
  "ncrequest",
  "qextra",
  "rstd-cppstd",
  "rstd-std",
  "wavsen",
  "waywallen-plugin-i18n",
]

[[packages.externals]]
name = "qml-material"
source = "git+https://github.com/hypengw/QmlMaterial.git#a2c560ec728857b7c2b9af35639e3192affce279"

[[packages]]
name = "waywallen-video-plugin"
version = "0.4.3"
dependencies = [
  "rstd-argparse",
  "rstd-cppstd",
  "rstd-json",
  "rstd-log",
  "wavsen",
  "waywallen-plugin-common",
]
runtime-dependencies = [
  "waywallen-bridge",
]

[[packages]]
name = "waywallen-wallhaven-plugin"
version = "0.4.3"
