version = 1

[[packages]]
name = "lihttpto"
version = "0.1.0"
source = "registry+https://registry.litocpp.org/"
checksum = "31cfc6f38a5db7b57dcca7624730c69a9a7d9e3605a78d7bc20003600d14c6a8"
dependencies = [
  "rstd-parse",
  "rstd-std",
]

[[packages]]
name = "lito-qt"
version = "0.1.1"
source = "registry+https://registry.litocpp.org/"
checksum = "dbc4671deb79a843fe48430adc463d4ff5132437949d6c86bf325de97a224409"

[[packages]]
name = "luato"
version = "0.1.0"
source = "git+https://github.com/litocpp/luato.git#df0c6f2d1cce2051b4711d36067619eda7933683"
dependencies = [
  "luato-lua",
  "rstd-parse",
  "rstd-std",
]

[[packages]]
name = "luato-lua"
version = "5.5.1"

[[packages.externals]]
name = "lua"
source = "archive+https://www.lua.org/ftp/lua-5.5.1.tar.gz"
checksum = "1c4b4068d67061f2a2231ad2b5422e77acea1487ea9890f6320af614f4373dce"

[[packages]]
name = "ncrequest"
version = "0.1.0"
source = "git+https://github.com/hypengw/ncrequest.git#40d40224842a080039d2a76710fbedb20ee002ac"
dependencies = [
  "lihttpto",
  "rstd-std",
]

[[packages]]
name = "qextra"
version = "0.1.0"
source = "git+https://github.com/hypengw/QExtra.git#650cb670c15c2f34a9cf0dedd52447df7b56e761"
dependencies = [
  "lito-qt",
  "ncrequest",
  "rstd-cppstd",
  "rstd-std",
  "wavsen",
]

[[packages]]
name = "rstd-alloc"
version = "0.1.7"
source = "registry+https://registry.litocpp.org/"
checksum = "1559570d44071a6e8ef3841db809cbcf1bfb75dd1f3ddc6e3ee233219dd32bb2"
dependencies = [
  "rstd-core",
  "rstd-runtime",
]

[[packages]]
name = "rstd-argparse"
version = "0.1.7"
source = "registry+https://registry.litocpp.org/"
checksum = "55d3ee7c3b9bcef0858a74589cf89cbf87b3da2837d4da645b686ec73aed681d"
dependencies = [
  "rstd-std",
]

[[packages]]
name = "rstd-basic"
version = "0.1.7"
source = "registry+https://registry.litocpp.org/"
checksum = "7978b857bbeaa1f8d5f7500aa5c3e9c8a2f6d82166d2cad5157218f28097b7c5"

[[packages]]
name = "rstd-core"
version = "0.1.7"
source = "registry+https://registry.litocpp.org/"
checksum = "6a056cf348b2588d205f5d9b549aaa3c3fd9a2370fa0dd1a6f242c604858721c"
dependencies = [
  "rstd-basic",
  "rstd-runtime",
]

[[packages]]
name = "rstd-cppstd"
version = "0.1.7"
source = "registry+https://registry.litocpp.org/"
checksum = "7f2533a8249e04e6fd5ca45bc8b66118d3e7af032ec229f7fe2332a0226c6c55"
dependencies = [
  "rstd-std",
]

[[packages]]
name = "rstd-dlopn"
version = "0.1.7"
source = "registry+https://registry.litocpp.org/"
checksum = "d75f121b0474bcb63abcc2a9a0e1c0b22dc7e7f8d06a7f52c95603e4a7eda168"
dependencies = [
  "rstd-std",
]

[[packages]]
name = "rstd-json"
version = "0.1.7"
source = "registry+https://registry.litocpp.org/"
checksum = "54f6ac1ef0bd7d1422750c739f0fee8dc11b5042821b6ec539fa7a0e86f46008"
dependencies = [
  "rstd-core",
  "rstd-parse",
  "rstd-serde",
  "rstd-std",
]

[[packages]]
name = "rstd-log"
version = "0.1.7"
source = "registry+https://registry.litocpp.org/"
checksum = "390bcafa3bce5f8dcd8c9f1ab209907dc38c77e87165bd40eb4dad1fc52c4d37"
dependencies = [
  "rstd-core",
  "rstd-std",
]

[[packages]]
name = "rstd-parse"
version = "0.1.7"
source = "registry+https://registry.litocpp.org/"
checksum = "ab62c734661b3ee41c154aa52587b812af4dff89644552d33c1e82900abf4caf"
dependencies = [
  "rstd-alloc",
  "rstd-core",
]

[[packages]]
name = "rstd-runtime"
version = "0.1.7"
source = "registry+https://registry.litocpp.org/"
checksum = "bb0527f476eab4f37fe45adefb485c7f8d023b26346ae5e7dc34b07fa8e32fef"
dependencies = [
  "rstd-basic",
]

[[packages]]
name = "rstd-serde"
version = "0.1.7"
source = "registry+https://registry.litocpp.org/"
checksum = "0ace31fcb4e7cc0d4e3da424fafadcd4b81b5ccb29bbe7c310f70552b28b48c0"
dependencies = [
  "rstd-alloc",
]

[[packages]]
name = "rstd-std"
version = "0.1.7"
source = "registry+https://registry.litocpp.org/"
checksum = "7701a094dce5b2cd286798384d85f71ea601c5c8b09e97a3bf98a6f2530a3198"
dependencies = [
  "rstd-alloc",
  "rstd-core",
]

[[packages]]
name = "rstd-toml"
version = "0.1.7"
source = "registry+https://registry.litocpp.org/"
checksum = "c673c14c56ed86109694bf0e2cb5e5bb45ca62566607f6bbde46fc2817c22b5f"
dependencies = [
  "rstd-alloc",
  "rstd-core",
  "rstd-parse",
  "rstd-serde",
]

[[packages]]
name = "vvk"
version = "0.1.0"
source = "registry+https://registry.litocpp.org/"
checksum = "9feeb7d057f3fa4da7ac2f05f5160fb51c9981aad58afda37da1644bef01b9b4"
dependencies = [
  "rstd-dlopn",
  "rstd-log",
  "rstd-std",
]

[[packages]]
name = "wavsen"
version = "0.1.0"
source = "git+https://github.com/hypengw/wavsen.git#bd8a72e0f68fabc42f3d123623787398ed28dbe4"
dependencies = [
  "rstd-core",
  "rstd-dlopn",
  "rstd-log",
  "rstd-std",
  "vvk",
]

[[packages]]
name = "waywallen-bridge"
version = "0.4.4"

[[packages]]
name = "waywallen-i18n"
version = "0.4.4"
dependencies = [
  "luato",
  "rstd-argparse",
  "rstd-std",
  "rstd-toml",
  "waywallen-plugin-i18n",
]

[[packages]]
name = "waywallen-image-plugin"
version = "0.4.4"
dependencies = [
  "rstd-argparse",
  "rstd-cppstd",
  "rstd-json",
  "rstd-log",
  "wavsen",
  "waywallen-plugin-common",
]
runtime-dependencies = [
  "waywallen-bridge",
]

[[packages]]
name = "waywallen-plugin-common"
version = "0.4.4"
dependencies = [
  "rstd-cppstd",
  "rstd-log",
  "vvk",
  "waywallen-bridge",
]

[[packages]]
name = "waywallen-plugin-i18n"
version = "0.4.4"
dependencies = [
  "rstd-std",
]

[[packages]]
name = "waywallen-ui"
version = "0.4.4"
dependencies = [
  "lito-qt",
  "ncrequest",
  "qextra",
  "rstd-cppstd",
  "rstd-std",
  "wavsen",
  "waywallen-plugin-i18n",
]

[[packages.externals]]
name = "qml-material"
source = "git+https://github.com/hypengw/QmlMaterial.git#98b8acd3e0bd57ca0710f2712e4dfa3fcef13113"

[[packages]]
name = "waywallen-video-plugin"
version = "0.4.4"
dependencies = [
  "rstd-argparse",
  "rstd-cppstd",
  "rstd-json",
  "rstd-log",
  "wavsen",
  "waywallen-plugin-common",
]
runtime-dependencies = [
  "waywallen-bridge",
]

[[packages]]
name = "waywallen-wallhaven-plugin"
version = "0.4.4"
